
Microsoft Visual Studio Solution File, Format Version 12.00
# Visual Studio Version 16
VisualStudioVersion = 16.0.32002.261
MinimumVisualStudioVersion = 10.0.40219.1
Project("{FAE04EC0-301F-11D3-BF4B-00C04F79EFBC}") = "Teme_BT_QA_AUTO_2021", "Teme_BT_QA_AUTO_2021\Teme_BT_QA_AUTO_2021.csproj", "{288BC236-433A-4D8A-B61C-B7B98FA76F05}"
EndProject
Global
	GlobalSection(SolutionConfigurationPlatforms) = preSolution
		Debug|Any CPU = Debug|Any CPU
		Release|Any CPU = Release|Any CPU
	EndGlobalSection
	GlobalSection(ProjectConfigurationPlatforms) = postSolution
		{288BC236-433A-4D8A-B61C-B7B98FA76F05}.Debug|Any CPU.ActiveCfg = Debug|Any CPU
		{288BC236-433A-4D8A-B61C-B7B98FA76F05}.Debug|Any CPU.Build.0 = Debug|Any CPU
		{288BC236-433A-4D8A-B61C-B7B98FA76F05}.Release|Any CPU.ActiveCfg = Release|Any CPU
		{288BC236-433A-4D8A-B61C-B7B98FA76F05}.Release|Any CPU.Build.0 = Release|Any CPU
	EndGlobalSection
	GlobalSection(SolutionProperties) = preSolution
		HideSolutionNode = FALSE
	EndGlobalSection
	GlobalSection(ExtensibilityGlobals) = postSolution
		SolutionGuid = {7806D766-7560-4EDD-AD04-7A460172BC91}
	EndGlobalSection
EndGlobal
